# THIS IS AN AUTOGENERATED FILE. DO NOT EDIT THIS FILE DIRECTLY.
# yarn lockfile v1


express-validator@^6.9.2:
  version "6.9.2"
  resolved "https://registry.yarnpkg.com/express-validator/-/express-validator-6.9.2.tgz#4de977aa0bb32948240900fd7387f4948399ac64"
  integrity sha512-Yqlsw2/uBobtBVkP+gnds8OMmVAEb3uTI4uXC93l0Ym5JGHgr8Vd4ws7oSo7GGYpWn5YCq4UePMEppKchURXrw==
  dependencies:
    lodash "^4.17.20"
    validator "^13.5.2"

lodash@^4.17.20:
  version "4.17.20"
  resolved "https://registry.yarnpkg.com/lodash/-/lodash-4.17.20.tgz#b44a9b6297bcb698f1c51a3545a2b3b368d59c52"
  integrity sha512-PlhdFcillOINfeV7Ni6oF1TAEayyZBoZ8bcshTHqOYJYlrqzRK5hagpagky5o4HfCzzd1TRkXPMFq6cKk9rGmA==

validator@^13.5.2:
  version "13.5.2"
  resolved "https://registry.yarnpkg.com/validator/-/validator-13.5.2.tgz#c97ae63ed4224999fb6f42c91eaca9567fe69a46"
  integrity sha512-mD45p0rvHVBlY2Zuy3F3ESIe1h5X58GPfAtslBjY7EtTqGquZTj+VX/J4RnHWN8FKq0C9WRVt1oWAcytWRuYLQ==
